
Microsoft Visual Studio Solution File, Format Version 12.00
# Visual Studio Version 17
VisualStudioVersion = 17.5.33530.505
MinimumVisualStudioVersion = 10.0.40219.1
Project("{9A19103F-16F7-4668-BE54-9A1E7A4F7556}") = "Expenses.App", "Expenses.App\Expenses.App.csproj", "{5A4B0983-ADCD-4B34-BCFD-7CD3BC9877FE}"
EndProject
Global
	GlobalSection(SolutionConfigurationPlatforms) = preSolution
		Debug|Any CPU = Debug|Any CPU
		Release|Any CPU = Release|Any CPU
	EndGlobalSection
	GlobalSection(ProjectConfigurationPlatforms) = postSolution
		{5A4B0983-ADCD-4B34-BCFD-7CD3BC9877FE}.Debug|Any CPU.ActiveCfg = Debug|Any CPU
		{5A4B0983-ADCD-4B34-BCFD-7CD3BC9877FE}.Debug|Any CPU.Build.0 = Debug|Any CPU
		{5A4B0983-ADCD-4B34-BCFD-7CD3BC9877FE}.Release|Any CPU.ActiveCfg = Release|Any CPU
		{5A4B0983-ADCD-4B34-BCFD-7CD3BC9877FE}.Release|Any CPU.Build.0 = Release|Any CPU
	EndGlobalSection
	GlobalSection(SolutionProperties) = preSolution
		HideSolutionNode = FALSE
	EndGlobalSection
	GlobalSection(ExtensibilityGlobals) = postSolution
		SolutionGuid = {D3552244-36E7-425A-B3FC-EF43526342DB}
	EndGlobalSection
EndGlobal
